
Microsoft Visual Studio Solution File, Format Version 12.00
# Visual Studio Version 16
VisualStudioVersion = 16.0.31424.327
MinimumVisualStudioVersion = 10.0.40219.1
Project("{FAE04EC0-301F-11D3-BF4B-00C04F79EFBC}") = "WebApplication3", "WebApplication3\WebApplication3.csproj", "{8ECEC36B-BA87-4035-A773-E9405FE0913F}"
EndProject
Global
	GlobalSection(SolutionConfigurationPlatforms) = preSolution
		Debug|Any CPU = Debug|Any CPU
		Release|Any CPU = Release|Any CPU
	EndGlobalSection
	GlobalSection(ProjectConfigurationPlatforms) = postSolution
		{8ECEC36B-BA87-4035-A773-E9405FE0913F}.Debug|Any CPU.ActiveCfg = Debug|Any CPU
		{8ECEC36B-BA87-4035-A773-E9405FE0913F}.Debug|Any CPU.Build.0 = Debug|Any CPU
		{8ECEC36B-BA87-4035-A773-E9405FE0913F}.Release|Any CPU.ActiveCfg = Release|Any CPU
		{8ECEC36B-BA87-4035-A773-E9405FE0913F}.Release|Any CPU.Build.0 = Release|Any CPU
	EndGlobalSection
	GlobalSection(SolutionProperties) = preSolution
		HideSolutionNode = FALSE
	EndGlobalSection
	GlobalSection(ExtensibilityGlobals) = postSolution
		SolutionGuid = {AA67E62D-42C9-48F2-9243-272CEFF5FC8D}
	EndGlobalSection
EndGlobal
